
Microsoft Visual Studio Solution File, Format Version 12.00
# Visual Studio Version 17
VisualStudioVersion = 17.13.35931.197 d17.13
MinimumVisualStudioVersion = 10.0.40219.1
Project("{FAE04EC0-301F-11D3-BF4B-00C04F79EFBC}") = "Employees-Attendence", "Employees-Attendence.csproj", "{13C6586A-156D-4677-AE1D-76B38D267975}"
EndProject
Global
	GlobalSection(SolutionConfigurationPlatforms) = preSolution
		Debug|Any CPU = Debug|Any CPU
		Release|Any CPU = Release|Any CPU
	EndGlobalSection
	GlobalSection(ProjectConfigurationPlatforms) = postSolution
		{13C6586A-156D-4677-AE1D-76B38D267975}.Debug|Any CPU.ActiveCfg = Debug|Any CPU
		{13C6586A-156D-4677-AE1D-76B38D267975}.Debug|Any CPU.Build.0 = Debug|Any CPU
		{13C6586A-156D-4677-AE1D-76B38D267975}.Release|Any CPU.ActiveCfg = Release|Any CPU
		{13C6586A-156D-4677-AE1D-76B38D267975}.Release|Any CPU.Build.0 = Release|Any CPU
	EndGlobalSection
	GlobalSection(SolutionProperties) = preSolution
		HideSolutionNode = FALSE
	EndGlobalSection
	GlobalSection(ExtensibilityGlobals) = postSolution
		SolutionGuid = {808AD04E-0F7B-4978-9F0B-3661F5A72E57}
	EndGlobalSection
EndGlobal
